// !$*UTF8*$!
{
	archiveVersion = 1;
	classes = {
	};
	objectVersion = 46;
	objects = {

/* Begin PBXBuildFile section */
		04ECBDF01986B14F00D607A7 /* Foundation.framework in Frameworks */ = {isa = PBXBuildFile; fileRef = 04ECBDEF1986B14F00D607A7 /* Foundation.framework */; };
		04ECBDF21986B14F00D607A7 /* CoreGraphics.framework in Frameworks */ = {isa = PBXBuildFile; fileRef = 04ECBDF11986B14F00D607A7 /* CoreGraphics.framework */; };
		04ECBDF41986B14F00D607A7 /* UIKit.framework in Frameworks */ = {isa = PBXBuildFile; fileRef = 04ECBDF31986B14F00D607A7 /* UIKit.framework */; };
		04ECBDFA1986B14F00D607A7 /* InfoPlist.strings in Resources */ = {isa = PBXBuildFile; fileRef = 04ECBDF81986B14F00D607A7 /* InfoPlist.strings */; };
		04ECBDFC1986B14F00D607A7 /* main.m in Sources */ = {isa = PBXBuildFile; fileRef = 04ECBDFB1986B14F00D607A7 /* main.m */; };
		04ECBE001986B14F00D607A7 /* AppDelegate.m in Sources */ = {isa = PBXBuildFile; fileRef = 04ECBDFF1986B14F00D607A7 /* AppDelegate.m */; };
		04ECBE021986B14F00D607A7 /* Images.xcassets in Resources */ = {isa = PBXBuildFile; fileRef = 04ECBE011986B14F00D607A7 /* Images.xcassets */; };
		04ECBE091986B14F00D607A7 /* XCTest.framework in Frameworks */ = {isa = PBXBuildFile; fileRef = 04ECBE081986B14F00D607A7 /* XCTest.framework */; };
		04ECBE0A1986B14F00D607A7 /* Foundation.framework in Frameworks */ = {isa = PBXBuildFile; fileRef = 04ECBDEF1986B14F00D607A7 /* Foundation.framework */; };
		04ECBE0B1986B14F00D607A7 /* UIKit.framework in Frameworks */ = {isa = PBXBuildFile; fileRef = 04ECBDF31986B14F00D607A7 /* UIKit.framework */; };
		04ECBE131986B14F00D607A7 /* InfoPlist.strings in Resources */ = {isa = PBXBuildFile; fileRef = 04ECBE111986B14F00D607A7 /* InfoPlist.strings */; };
		04ECBE151986B14F00D607A7 /* BlogReaderTests.m in Sources */ = {isa = PBXBuildFile; fileRef = 04ECBE141986B14F00D607A7 /* BlogReaderTests.m */; };
		04ECBE1F1986B97B00D607A7 /* MainStoryboard_iphone.storyboard in Resources */ = {isa = PBXBuildFile; fileRef = 04ECBE1E1986B97B00D607A7 /* MainStoryboard_iphone.storyboard */; };
/* End PBXBuildFile section */

/* Begin PBXContainerItemProxy section */
		04ECBE0C1986B14F00D607A7 /* PBXContainerItemProxy */ = {
			isa = PBXContainerItemProxy;
			containerPortal = 04ECBDE41986B14F00D607A7 /* Project object */;
			proxyType = 1;
			remoteGlobalIDString = 04ECBDEB1986B14F00D607A7;
			remoteInfo = BlogReader;
		};
/* End PBXContainerItemProxy section */

/* Begin PBXFileReference section */
		04ECBDEC1986B14F00D607A7 /* BlogReader.app */ = {isa = PBXFileReference; explicitFileType = wrapper.application; includeInIndex = 0; path = BlogReader.app; sourceTree = BUILT_PRODUCTS_DIR; };
		04ECBDEF1986B14F00D607A7 /* Foundation.framework */ = {isa = PBXFileReference; lastKnownFileType = wrapper.framework; name = Foundation.framework; path = System/Library/Frameworks/Foundation.framework; sourceTree = SDKROOT; };
		04ECBDF11986B14F00D607A7 /* CoreGraphics.framework */ = {isa = PBXFileReference; lastKnownFileType = wrapper.framework; name = CoreGraphics.framework; path = System/Library/Frameworks/CoreGraphics.framework; sourceTree = SDKROOT; };
		04ECBDF31986B14F00D607A7 /* UIKit.framework */ = {isa = PBXFileReference; lastKnownFileType = wrapper.framework; name = UIKit.framework; path = System/Library/Frameworks/UIKit.framework; sourceTree = SDKROOT; };
		04ECBDF71986B14F00D607A7 /* BlogReader-Info.plist */ = {isa = PBXFileReference; lastKnownFileType = text.plist.xml; path = "BlogReader-Info.plist"; sourceTree = "<group>"; };
		04ECBDF91986B14F00D607A7 /* en */ = {isa = PBXFileReference; lastKnownFileType = text.plist.strings; name = en; path = en.lproj/InfoPlist.strings; sourceTree = "<group>"; };
		04ECBDFB1986B14F00D607A7 /* main.m */ = {isa = PBXFileReference; lastKnownFileType = sourcecode.c.objc; path = main.m; sourceTree = "<group>"; };
		04ECBDFD1986B14F00D607A7 /* BlogReader-Prefix.pch */ = {isa = PBXFileReference; lastKnownFileType = sourcecode.c.h; path = "BlogReader-Prefix.pch"; sourceTree = "<group>"; };
		04ECBDFE1986B14F00D607A7 /* AppDelegate.h */ = {isa = PBXFileReference; lastKnownFileType = sourcecode.c.h; path = AppDelegate.h; sourceTree = "<group>"; };
		04ECBDFF1986B14F00D607A7 /* AppDelegate.m */ = {isa = PBXFileReference; lastKnownFileType = sourcecode.c.objc; path = AppDelegate.m; sourceTree = "<group>"; };
		04ECBE011986B14F00D607A7 /* Images.xcassets */ = {isa = PBXFileReference; lastKnownFileType = folder.assetcatalog; path = Images.xcassets; sourceTree = "<group>"; };
		04ECBE071986B14F00D607A7 /* BlogReaderTests.xctest */ = {isa = PBXFileReference; explicitFileType = wrapper.cfbundle; includeInIndex = 0; path = BlogReaderTests.xctest; sourceTree = BUILT_PRODUCTS_DIR; };
		04ECBE081986B14F00D607A7 /* XCTest.framework */ = {isa = PBXFileReference; lastKnownFileType = wrapper.framework; name = XCTest.framework; path = Library/Frameworks/XCTest.framework; sourceTree = DEVELOPER_DIR; };
		04ECBE101986B14F00D607A7 /* BlogReaderTests-Info.plist */ = {isa = PBXFileReference; lastKnownFileType = text.plist.xml; path = "BlogReaderTests-Info.plist"; sourceTree = "<group>"; };
		04ECBE121986B14F00D607A7 /* en */ = {isa = PBXFileReference; lastKnownFileType = text.plist.strings; name = en; path = en.lproj/InfoPlist.strings; sourceTree = "<group>"; };
		04ECBE141986B14F00D607A7 /* BlogReaderTests.m */ = {isa = PBXFileReference; lastKnownFileType = sourcecode.c.objc; path = BlogReaderTests.m; sourceTree = "<group>"; };
		04ECBE1E1986B97B00D607A7 /* MainStoryboard_iphone.storyboard */ = {isa = PBXFileReference; fileEncoding = 4; lastKnownFileType = file.storyboard; path = MainStoryboard_iphone.storyboard; sourceTree = "<group>"; };
/* End PBXFileReference section */

/* Begin PBXFrameworksBuildPhase section */
		04ECBDE91986B14F00D607A7 /* Frameworks */ = {
			isa = PBXFrameworksBuildPhase;
			buildActionMask = 2147483647;
			files = (
				04ECBDF21986B14F00D607A7 /* CoreGraphics.framework in Frameworks */,
				04ECBDF41986B14F00D607A7 /* UIKit.framework in Frameworks */,
				04ECBDF01986B14F00D607A7 /* Foundation.framework in Frameworks */,
			);
			runOnlyForDeploymentPostprocessing = 0;
		};
		04ECBE041986B14F00D607A7 /* Frameworks */ = {
			isa = PBXFrameworksBuildPhase;
			buildActionMask = 2147483647;
			files = (
				04ECBE091986B14F00D607A7 /* XCTest.framework in Frameworks */,
				04ECBE0B1986B14F00D607A7 /* UIKit.framework in Frameworks */,
				04ECBE0A1986B14F00D607A7 /* Foundation.framework in Frameworks */,
			);
			runOnlyForDeploymentPostprocessing = 0;
		};
/* End PBXFrameworksBuildPhase section */

/* Begin PBXGroup section */
		04ECBDE31986B14F00D607A7 = {
			isa = PBXGroup;
			children = (
				04ECBDF51986B14F00D607A7 /* BlogReader */,
				04ECBE0E1986B14F00D607A7 /* BlogReaderTests */,
				04ECBDEE1986B14F00D607A7 /* Frameworks */,
				04ECBDED1986B14F00D607A7 /* Products */,
			);
			sourceTree = "<group>";
		};
		04ECBDED1986B14F00D607A7 /* Products */ = {
			isa = PBXGroup;
			children = (
				04ECBDEC1986B14F00D607A7 /* BlogReader.app */,
				04ECBE071986B14F00D607A7 /* BlogReaderTests.xctest */,
			);
			name = Products;
			sourceTree = "<group>";
		};
		04ECBDEE1986B14F00D607A7 /* Frameworks */ = {
			isa = PBXGroup;
			children = (
				04ECBDEF1986B14F00D607A7 /* Foundation.framework */,
				04ECBDF11986B14F00D607A7 /* CoreGraphics.framework */,
				04ECBDF31986B14F00D607A7 /* UIKit.framework */,
				04ECBE081986B14F00D607A7 /* XCTest.framework */,
			);
			name = Frameworks;
			sourceTree = "<group>";
		};
		04ECBDF51986B14F00D607A7 /* BlogReader */ = {
			isa = PBXGroup;
			children = (
				04ECBDFE1986B14F00D607A7 /* AppDelegate.h */,
				04ECBDFF1986B14F00D607A7 /* AppDelegate.m */,
				04ECBE011986B14F00D607A7 /* Images.xcassets */,
				04ECBDF61986B14F00D607A7 /* Supporting Files */,
				04ECBE1E1986B97B00D607A7 /* MainStoryboard_iphone.storyboard */,
			);
			path = BlogReader;
			sourceTree = "<group>";
		};
		04ECBDF61986B14F00D607A7 /* Supporting Files */ = {
			isa = PBXGroup;
			children = (
				04ECBDF71986B14F00D607A7 /* BlogReader-Info.plist */,
				04ECBDF81986B14F00D607A7 /* InfoPlist.strings */,
				04ECBDFB1986B14F00D607A7 /* main.m */,
				04ECBDFD1986B14F00D607A7 /* BlogReader-Prefix.pch */,
			);
			name = "Supporting Files";
			sourceTree = "<group>";
		};
		04ECBE0E1986B14F00D607A7 /* BlogReaderTests */ = {
			isa = PBXGroup;
			children = (
				04ECBE141986B14F00D607A7 /* BlogReaderTests.m */,
				04ECBE0F1986B14F00D607A7 /* Supporting Files */,
			);
			path = BlogReaderTests;
			sourceTree = "<group>";
		};
		04ECBE0F1986B14F00D607A7 /* Supporting Files */ = {
			isa = PBXGroup;
			children = (
				04ECBE101986B14F00D607A7 /* BlogReaderTests-Info.plist */,
				04ECBE111986B14F00D607A7 /* InfoPlist.strings */,
			);
			name = "Supporting Files";
			sourceTree = "<group>";
		};
/* End PBXGroup section */

/* Begin PBXNativeTarget section */
		04ECBDEB1986B14F00D607A7 /* BlogReader */ = {
			isa = PBXNativeTarget;
			buildConfigurationList = 04ECBE181986B14F00D607A7 /* Build configuration list for PBXNativeTarget "BlogReader" */;
			buildPhases = (
				04ECBDE81986B14F00D607A7 /* Sources */,
				04ECBDE91986B14F00D607A7 /* Frameworks */,
				04ECBDEA1986B14F00D607A7 /* Resources */,
			);
			buildRules = (
			);
			dependencies = (
			);
			name = BlogReader;
			productName = BlogReader;
			productReference = 04ECBDEC1986B14F00D607A7 /* BlogReader.app */;
			productType = "com.apple.product-type.application";
		};
		04ECBE061986B14F00D607A7 /* BlogReaderTests */ = {
			isa = PBXNativeTarget;
			buildConfigurationList = 04ECBE1B1986B14F00D607A7 /* Build configuration list for PBXNativeTarget "BlogReaderTests" */;
			buildPhases = (
				04ECBE031986B14F00D607A7 /* Sources */,
				04ECBE041986B14F00D607A7 /* Frameworks */,
				04ECBE051986B14F00D607A7 /* Resources */,
			);
			buildRules = (
			);
			dependencies = (
				04ECBE0D1986B14F00D607A7 /* PBXTargetDependency */,
			);
			name = BlogReaderTests;
			productName = BlogReaderTests;
			productReference = 04ECBE071986B14F00D607A7 /* BlogReaderTests.xctest */;
			productType = "com.apple.product-type.bundle.unit-test";
		};
/* End PBXNativeTarget section */

/* Begin PBXProject section */
		04ECBDE41986B14F00D607A7 /* Project object */ = {
			isa = PBXProject;
			attributes = {
				LastUpgradeCheck = 0510;
				ORGANIZATIONNAME = "Jay Glose";
				TargetAttributes = {
					04ECBE061986B14F00D607A7 = {
						TestTargetID = 04ECBDEB1986B14F00D607A7;
					};
				};
			};
			buildConfigurationList = 04ECBDE71986B14F00D607A7 /* Build configuration list for PBXProject "BlogReader" */;
			compatibilityVersion = "Xcode 3.2";
			developmentRegion = English;
			hasScannedForEncodings = 0;
			knownRegions = (
				en,
			);
			mainGroup = 04ECBDE31986B14F00D607A7;
			productRefGroup = 04ECBDED1986B14F00D607A7 /* Products */;
			projectDirPath = "";
			projectRoot = "";
			targets = (
				04ECBDEB1986B14F00D607A7 /* BlogReader */,
				04ECBE061986B14F00D607A7 /* BlogReaderTests */,
			);
		};
/* End PBXProject section */

/* Begin PBXResourcesBuildPhase section */
		04ECBDEA1986B14F00D607A7 /* Resources */ = {
			isa = PBXResourcesBuildPhase;
			buildActionMask = 2147483647;
			files = (
				04ECBDFA1986B14F00D607A7 /* InfoPlist.strings in Resources */,
				04ECBE021986B14F00D607A7 /* Images.xcassets in Resources */,
				04ECBE1F1986B97B00D607A7 /* MainStoryboard_iphone.storyboard in Resources */,
			);
			runOnlyForDeploymentPostprocessing = 0;
		};
		04ECBE051986B14F00D607A7 /* Resources */ = {
			isa = PBXResourcesBuildPhase;
			buildActionMask = 2147483647;
			files = (
				04ECBE131986B14F00D607A7 /* InfoPlist.strings in Resources */,
			);
			runOnlyForDeploymentPostprocessing = 0;
		};
/* End PBXResourcesBuildPhase section */

/* Begin PBXSourcesBuildPhase section */
		04ECBDE81986B14F00D607A7 /* Sources */ = {
			isa = PBXSourcesBuildPhase;
			buildActionMask = 2147483647;
			files = (
				04ECBE001986B14F00D607A7 /* AppDelegate.m in Sources */,
				04ECBDFC1986B14F00D607A7 /* main.m in Sources */,
			);
			runOnlyForDeploymentPostprocessing = 0;
		};
		04ECBE031986B14F00D607A7 /* Sources */ = {
			isa = PBXSourcesBuildPhase;
			buildActionMask = 2147483647;
			files = (
				04ECBE151986B14F00D607A7 /* BlogReaderTests.m in Sources */,
			);
			runOnlyForDeploymentPostprocessing = 0;
		};
/* End PBXSourcesBuildPhase section */

/* Begin PBXTargetDependency section */
		04ECBE0D1986B14F00D607A7 /* PBXTargetDependency */ = {
			isa = PBXTargetDependency;
			target = 04ECBDEB1986B14F00D607A7 /* BlogReader */;
			targetProxy = 04ECBE0C1986B14F00D607A7 /* PBXContainerItemProxy */;
		};
/* End PBXTargetDependency section */

/* Begin PBXVariantGroup section */
		04ECBDF81986B14F00D607A7 /* InfoPlist.strings */ = {
			isa = PBXVariantGroup;
			children = (
				04ECBDF91986B14F00D607A7 /* en */,
			);
			name = InfoPlist.strings;
			sourceTree = "<group>";
		};
		04ECBE111986B14F00D607A7 /* InfoPlist.strings */ = {
			isa = PBXVariantGroup;
			children = (
				04ECBE121986B14F00D607A7 /* en */,
			);
			name = InfoPlist.strings;
			sourceTree = "<group>";
		};
/* End PBXVariantGroup section */

/* Begin XCBuildConfiguration section */
		04ECBE161986B14F00D607A7 /* Debug */ = {
			isa = XCBuildConfiguration;
			buildSettings = {
				ALWAYS_SEARCH_USER_PATHS = NO;
				CLANG_CXX_LANGUAGE_STANDARD = "gnu++0x";
				CLANG_CXX_LIBRARY = "libc++";
				CLANG_ENABLE_MODULES = YES;
				CLANG_ENABLE_OBJC_ARC = YES;
				CLANG_WARN_BOOL_CONVERSION = YES;
				CLANG_WARN_CONSTANT_CONVERSION = YES;
				CLANG_WARN_DIRECT_OBJC_ISA_USAGE = YES_ERROR;
				CLANG_WARN_EMPTY_BODY = YES;
				CLANG_WARN_ENUM_CONVERSION = YES;
				CLANG_WARN_INT_CONVERSION = YES;
				CLANG_WARN_OBJC_ROOT_CLASS = YES_ERROR;
				CLANG_WARN__DUPLICATE_METHOD_MATCH = YES;
				"CODE_SIGN_IDENTITY[sdk=iphoneos*]" = "iPhone Developer";
				COPY_PHASE_STRIP = NO;
				GCC_C_LANGUAGE_STANDARD = gnu99;
				GCC_DYNAMIC_NO_PIC = NO;
				GCC_OPTIMIZATION_LEVEL = 0;
				GCC_PREPROCESSOR_DEFINITIONS = (
					"DEBUG=1",
					"$(inherited)",
				);
				GCC_SYMBOLS_PRIVATE_EXTERN = NO;
				GCC_WARN_64_TO_32_BIT_CONVERSION = YES;
				GCC_WARN_ABOUT_RETURN_TYPE = YES_ERROR;
				GCC_WARN_UNDECLARED_SELECTOR = YES;
				GCC_WARN_UNINITIALIZED_AUTOS = YES_AGGRESSIVE;
				GCC_WARN_UNUSED_FUNCTION = YES;
				GCC_WARN_UNUSED_VARIABLE = YES;
				IPHONEOS_DEPLOYMENT_TARGET = 7.1;
				ONLY_ACTIVE_ARCH = YES;
				SDKROOT = iphoneos;
			};
			name = Debug;
		};
		04ECBE171986B14F00D607A7 /* Release */ = {
			isa = XCBuildConfiguration;
			buildSettings = {
				ALWAYS_SEARCH_USER_PATHS = NO;
				CLANG_CXX_LANGUAGE_STANDARD = "gnu++0x";
				CLANG_CXX_LIBRARY = "libc++";
				CLANG_ENABLE_MODULES = YES;
				CLANG_ENABLE_OBJC_ARC = YES;
				CLANG_WARN_BOOL_CONVERSION = YES;
				CLANG_WARN_CONSTANT_CONVERSION = YES;
				CLANG_WARN_DIRECT_OBJC_ISA_USAGE = YES_ERROR;
				CLANG_WARN_EMPTY_BODY = YES;
				CLANG_WARN_ENUM_CONVERSION = YES;
				CLANG_WARN_INT_CONVERSION = YES;
				CLANG_WARN_OBJC_ROOT_CLASS = YES_ERROR;
				CLANG_WARN__DUPLICATE_METHOD_MATCH = YES;
				"CODE_SIGN_IDENTITY[sdk=iphoneos*]" = "iPhone Developer";
				COPY_PHASE_STRIP = YES;
				ENABLE_NS_ASSERTIONS = NO;
				GCC_C_LANGUAGE_STANDARD = gnu99;
				GCC_WARN_64_TO_32_BIT_CONVERSION = YES;
				GCC_WARN_ABOUT_RETURN_TYPE = YES_ERROR;
				GCC_WARN_UNDECLARED_SELECTOR = YES;
				GCC_WARN_UNINITIALIZED_AUTOS = YES_AGGRESSIVE;
				GCC_WARN_UNUSED_FUNCTION = YES;
				GCC_WARN_UNUSED_VARIABLE = YES;
				IPHONEOS_DEPLOYMENT_TARGET = 7.1;
				SDKROOT = iphoneos;
				VALIDATE_PRODUCT = YES;
			};
			name = Release;
		};
		04ECBE191986B14F00D607A7 /* Debug */ = {
			isa = XCBuildConfiguration;
			buildSettings = {
				ASSETCATALOG_COMPILER_APPICON_NAME = AppIcon;
				ASSETCATALOG_COMPILER_LAUNCHIMAGE_NAME = LaunchImage;
				GCC_PRECOMPILE_PREFIX_HEADER = YES;
				GCC_PREFIX_HEADER = "BlogReader/BlogReader-Prefix.pch";
				INFOPLIST_FILE = "BlogReader/BlogReader-Info.plist";
				PRODUCT_NAME = "$(TARGET_NAME)";
				WRAPPER_EXTENSION = app;
			};
			name = Debug;
		};
		04ECBE1A1986B14F00D607A7 /* Release */ = {
			isa = XCBuildConfiguration;
			buildSettings = {
				ASSETCATALOG_COMPILER_APPICON_NAME = AppIcon;
				ASSETCATALOG_COMPILER_LAUNCHIMAGE_NAME = LaunchImage;
				GCC_PRECOMPILE_PREFIX_HEADER = YES;
				GCC_PREFIX_HEADER = "BlogReader/BlogReader-Prefix.pch";
				INFOPLIST_FILE = "BlogReader/BlogReader-Info.plist";
				PRODUCT_NAME = "$(TARGET_NAME)";
				WRAPPER_EXTENSION = app;
			};
			name = Release;
		};
		04ECBE1C1986B14F00D607A7 /* Debug */ = {
			isa = XCBuildConfiguration;
			buildSettings = {
				BUNDLE_LOADER = "$(BUILT_PRODUCTS_DIR)/BlogReader.app/BlogReader";
				FRAMEWORK_SEARCH_PATHS = (
					"$(SDKROOT)/Developer/Library/Frameworks",
					"$(inherited)",
					"$(DEVELOPER_FRAMEWORKS_DIR)",
				);
				GCC_PRECOMPILE_PREFIX_HEADER = YES;
				GCC_PREFIX_HEADER = "BlogReader/BlogReader-Prefix.pch";
				GCC_PREPROCESSOR_DEFINITIONS = (
					"DEBUG=1",
					"$(inherited)",
				);
				INFOPLIST_FILE = "BlogReaderTests/BlogReaderTests-Info.plist";
				PRODUCT_NAME = "$(TARGET_NAME)";
				TEST_HOST = "$(BUNDLE_LOADER)";
				WRAPPER_EXTENSION = xctest;
			};
			name = Debug;
		};
		04ECBE1D1986B14F00D607A7 /* Release */ = {
			isa = XCBuildConfiguration;
			buildSettings = {
				BUNDLE_LOADER = "$(BUILT_PRODUCTS_DIR)/BlogReader.app/BlogReader";
				FRAMEWORK_SEARCH_PATHS = (
					"$(SDKROOT)/Developer/Library/Frameworks",
					"$(inherited)",
					"$(DEVELOPER_FRAMEWORKS_DIR)",
				);
				GCC_PRECOMPILE_PREFIX_HEADER = YES;
				GCC_PREFIX_HEADER = "BlogReader/BlogReader-Prefix.pch";
				INFOPLIST_FILE = "BlogReaderTests/BlogReaderTests-Info.plist";
				PRODUCT_NAME = "$(TARGET_NAME)";
				TEST_HOST = "$(BUNDLE_LOADER)";
				WRAPPER_EXTENSION = xctest;
			};
			name = Release;
		};
/* End XCBuildConfiguration section */

/* Begin XCConfigurationList section */
		04ECBDE71986B14F00D607A7 /* Build configuration list for PBXProject "BlogReader" */ = {
			isa = XCConfigurationList;
			buildConfigurations = (
				04ECBE161986B14F00D607A7 /* Debug */,
				04ECBE171986B14F00D607A7 /* Release */,
			);
			defaultConfigurationIsVisible = 0;
			defaultConfigurationName = Release;
		};
		04ECBE181986B14F00D607A7 /* Build configuration list for PBXNativeTarget "BlogReader" */ = {
			isa = XCConfigurationList;
			buildConfigurations = (
				04ECBE191986B14F00D607A7 /* Debug */,
				04ECBE1A1986B14F00D607A7 /* Release */,
			);
			defaultConfigurationIsVisible = 0;
		};
		04ECBE1B1986B14F00D607A7 /* Build configuration list for PBXNativeTarget "BlogReaderTests" */ = {
			isa = XCConfigurationList;
			buildConfigurations = (
				04ECBE1C1986B14F00D607A7 /* Debug */,
				04ECBE1D1986B14F00D607A7 /* Release */,
			);
			defaultConfigurationIsVisible = 0;
		};
/* End XCConfigurationList section */
	};
	rootObject = 04ECBDE41986B14F00D607A7 /* Project object */;
}
